// !$*UTF8*$!
{
	archiveVersion = 1;
	classes = {
	};
	objectVersion = 46;
	objects = {

/* Begin PBXBuildFile section */
		DBC92D231C98580D00127F8C /* EditorView.swift in Sources */ = {isa = PBXBuildFile; fileRef = DBC92D1E1C98580D00127F8C /* EditorView.swift */; };
		DBC92D241C98580D00127F8C /* GridViewController.swift in Sources */ = {isa = PBXBuildFile; fileRef = DBC92D1F1C98580D00127F8C /* GridViewController.swift */; };
		DBC92D251C98580D00127F8C /* VideoMod.swift in Sources */ = {isa = PBXBuildFile; fileRef = DBC92D201C98580D00127F8C /* VideoMod.swift */; };
		DBC92D261C98580D00127F8C /* SentMemes.swift in Sources */ = {isa = PBXBuildFile; fileRef = DBC92D211C98580D00127F8C /* SentMemes.swift */; };
		DBC92D271C98580D00127F8C /* TableViewController.swift in Sources */ = {isa = PBXBuildFile; fileRef = DBC92D221C98580D00127F8C /* TableViewController.swift */; };
		DBEEC3AA1C98569100FFA9AE /* AppDelegate.swift in Sources */ = {isa = PBXBuildFile; fileRef = DBEEC3A91C98569100FFA9AE /* AppDelegate.swift */; };
		DBEEC3AF1C98569100FFA9AE /* Main.storyboard in Resources */ = {isa = PBXBuildFile; fileRef = DBEEC3AD1C98569100FFA9AE /* Main.storyboard */; };
		DBEEC3B11C98569100FFA9AE /* Assets.xcassets in Resources */ = {isa = PBXBuildFile; fileRef = DBEEC3B01C98569100FFA9AE /* Assets.xcassets */; };
		DBEEC3B41C98569100FFA9AE /* LaunchScreen.storyboard in Resources */ = {isa = PBXBuildFile; fileRef = DBEEC3B21C98569100FFA9AE /* LaunchScreen.storyboard */; };
/* End PBXBuildFile section */

/* Begin PBXFileReference section */
		DBC92D1E1C98580D00127F8C /* EditorView.swift */ = {isa = PBXFileReference; fileEncoding = 4; lastKnownFileType = sourcecode.swift; path = EditorView.swift; sourceTree = "<group>"; };
		DBC92D1F1C98580D00127F8C /* GridViewController.swift */ = {isa = PBXFileReference; fileEncoding = 4; lastKnownFileType = sourcecode.swift; path = GridViewController.swift; sourceTree = "<group>"; };
		DBC92D201C98580D00127F8C /* VideoMod.swift */ = {isa = PBXFileReference; fileEncoding = 4; lastKnownFileType = sourcecode.swift; path = VideoMod.swift; sourceTree = "<group>"; };
		DBC92D211C98580D00127F8C /* SentMemes.swift */ = {isa = PBXFileReference; fileEncoding = 4; lastKnownFileType = sourcecode.swift; path = SentMemes.swift; sourceTree = "<group>"; };
		DBC92D221C98580D00127F8C /* TableViewController.swift */ = {isa = PBXFileReference; fileEncoding = 4; lastKnownFileType = sourcecode.swift; path = TableViewController.swift; sourceTree = "<group>"; };
		DBEEC3A61C98569100FFA9AE /* MagicVideo.app */ = {isa = PBXFileReference; explicitFileType = wrapper.application; includeInIndex = 0; path = MagicVideo.app; sourceTree = BUILT_PRODUCTS_DIR; };
		DBEEC3A91C98569100FFA9AE /* AppDelegate.swift */ = {isa = PBXFileReference; lastKnownFileType = sourcecode.swift; path = AppDelegate.swift; sourceTree = "<group>"; };
		DBEEC3AE1C98569100FFA9AE /* Base */ = {isa = PBXFileReference; lastKnownFileType = file.storyboard; name = Base; path = Base.lproj/Main.storyboard; sourceTree = "<group>"; };
		DBEEC3B01C98569100FFA9AE /* Assets.xcassets */ = {isa = PBXFileReference; lastKnownFileType = folder.assetcatalog; path = Assets.xcassets; sourceTree = "<group>"; };
		DBEEC3B31C98569100FFA9AE /* Base */ = {isa = PBXFileReference; lastKnownFileType = file.storyboard; name = Base; path = Base.lproj/LaunchScreen.storyboard; sourceTree = "<group>"; };
		DBEEC3B51C98569100FFA9AE /* Info.plist */ = {isa = PBXFileReference; lastKnownFileType = text.plist.xml; path = Info.plist; sourceTree = "<group>"; };
/* End PBXFileReference section */

/* Begin PBXFrameworksBuildPhase section */
		DBEEC3A31C98569100FFA9AE /* Frameworks */ = {
			isa = PBXFrameworksBuildPhase;
			buildActionMask = 2147483647;
			files = (
			);
			runOnlyForDeploymentPostprocessing = 0;
		};
/* End PBXFrameworksBuildPhase section */

/* Begin PBXGroup section */
		DBEEC39D1C98569100FFA9AE = {
			isa = PBXGroup;
			children = (
				DBEEC3A81C98569100FFA9AE /* MagicVideo */,
				DBEEC3A71C98569100FFA9AE /* Products */,
			);
			sourceTree = "<group>";
		};
		DBEEC3A71C98569100FFA9AE /* Products */ = {
			isa = PBXGroup;
			children = (
				DBEEC3A61C98569100FFA9AE /* MagicVideo.app */,
			);
			name = Products;
			sourceTree = "<group>";
		};
		DBEEC3A81C98569100FFA9AE /* MagicVideo */ = {
			isa = PBXGroup;
			children = (
				DBC92D1E1C98580D00127F8C /* EditorView.swift */,
				DBC92D1F1C98580D00127F8C /* GridViewController.swift */,
				DBC92D201C98580D00127F8C /* VideoMod.swift */,
				DBC92D211C98580D00127F8C /* SentMemes.swift */,
				DBC92D221C98580D00127F8C /* TableViewController.swift */,
				DBEEC3A91C98569100FFA9AE /* AppDelegate.swift */,
				DBEEC3AD1C98569100FFA9AE /* Main.storyboard */,
				DBEEC3B01C98569100FFA9AE /* Assets.xcassets */,
				DBEEC3B21C98569100FFA9AE /* LaunchScreen.storyboard */,
				DBEEC3B51C98569100FFA9AE /* Info.plist */,
			);
			path = MagicVideo;
			sourceTree = "<group>";
		};
/* End PBXGroup section */

/* Begin PBXNativeTarget section */
		DBEEC3A51C98569100FFA9AE /* MagicVideo */ = {
			isa = PBXNativeTarget;
			buildConfigurationList = DBEEC3B81C98569100FFA9AE /* Build configuration list for PBXNativeTarget "MagicVideo" */;
			buildPhases = (
				DBEEC3A21C98569100FFA9AE /* Sources */,
				DBEEC3A31C98569100FFA9AE /* Frameworks */,
				DBEEC3A41C98569100FFA9AE /* Resources */,
			);
			buildRules = (
			);
			dependencies = (
			);
			name = MagicVideo;
			productName = MagicVideo;
			productReference = DBEEC3A61C98569100FFA9AE /* MagicVideo.app */;
			productType = "com.apple.product-type.application";
		};
/* End PBXNativeTarget section */

/* Begin PBXProject section */
		DBEEC39E1C98569100FFA9AE /* Project object */ = {
			isa = PBXProject;
			attributes = {
				LastSwiftUpdateCheck = 0720;
				LastUpgradeCheck = 0720;
				ORGANIZATIONNAME = "Pastouret Roger";
				TargetAttributes = {
					DBEEC3A51C98569100FFA9AE = {
						CreatedOnToolsVersion = 7.2.1;
						DevelopmentTeam = TNC26WW3G9;
					};
				};
			};
			buildConfigurationList = DBEEC3A11C98569100FFA9AE /* Build configuration list for PBXProject "MagicVideo" */;
			compatibilityVersion = "Xcode 3.2";
			developmentRegion = English;
			hasScannedForEncodings = 0;
			knownRegions = (
				en,
				Base,
			);
			mainGroup = DBEEC39D1C98569100FFA9AE;
			productRefGroup = DBEEC3A71C98569100FFA9AE /* Products */;
			projectDirPath = "";
			projectRoot = "";
			targets = (
				DBEEC3A51C98569100FFA9AE /* MagicVideo */,
			);
		};
/* End PBXProject section */

/* Begin PBXResourcesBuildPhase section */
		DBEEC3A41C98569100FFA9AE /* Resources */ = {
			isa = PBXResourcesBuildPhase;
			buildActionMask = 2147483647;
			files = (
				DBEEC3B41C98569100FFA9AE /* LaunchScreen.storyboard in Resources */,
				DBEEC3B11C98569100FFA9AE /* Assets.xcassets in Resources */,
				DBEEC3AF1C98569100FFA9AE /* Main.storyboard in Resources */,
			);
			runOnlyForDeploymentPostprocessing = 0;
		};
/* End PBXResourcesBuildPhase section */

/* Begin PBXSourcesBuildPhase section */
		DBEEC3A21C98569100FFA9AE /* Sources */ = {
			isa = PBXSourcesBuildPhase;
			buildActionMask = 2147483647;
			files = (
				DBC92D241C98580D00127F8C /* GridViewController.swift in Sources */,
				DBC92D271C98580D00127F8C /* TableViewController.swift in Sources */,
				DBC92D251C98580D00127F8C /* VideoMod.swift in Sources */,
				DBC92D231C98580D00127F8C /* EditorView.swift in Sources */,
				DBC92D261C98580D00127F8C /* SentMemes.swift in Sources */,
				DBEEC3AA1C98569100FFA9AE /* AppDelegate.swift in Sources */,
			);
			runOnlyForDeploymentPostprocessing = 0;
		};
/* End PBXSourcesBuildPhase section */

/* Begin PBXVariantGroup section */
		DBEEC3AD1C98569100FFA9AE /* Main.storyboard */ = {
			isa = PBXVariantGroup;
			children = (
				DBEEC3AE1C98569100FFA9AE /* Base */,
			);
			name = Main.storyboard;
			sourceTree = "<group>";
		};
		DBEEC3B21C98569100FFA9AE /* LaunchScreen.storyboard */ = {
			isa = PBXVariantGroup;
			children = (
				DBEEC3B31C98569100FFA9AE /* Base */,
			);
			name = LaunchScreen.storyboard;
			sourceTree = "<group>";
		};
/* End PBXVariantGroup section */

/* Begin XCBuildConfiguration section */
		DBEEC3B61C98569100FFA9AE /* Debug */ = {
			isa = XCBuildConfiguration;
			buildSettings = {
				ALWAYS_SEARCH_USER_PATHS = NO;
				CLANG_CXX_LANGUAGE_STANDARD = "gnu++0x";
				CLANG_CXX_LIBRARY = "libc++";
				CLANG_ENABLE_MODULES = YES;
				CLANG_ENABLE_OBJC_ARC = YES;
				CLANG_WARN_BOOL_CONVERSION = YES;
				CLANG_WARN_CONSTANT_CONVERSION = YES;
				CLANG_WARN_DIRECT_OBJC_ISA_USAGE = YES_ERROR;
				CLANG_WARN_EMPTY_BODY = YES;
				CLANG_WARN_ENUM_CONVERSION = YES;
				CLANG_WARN_INT_CONVERSION = YES;
				CLANG_WARN_OBJC_ROOT_CLASS = YES_ERROR;
				CLANG_WARN_UNREACHABLE_CODE = YES;
				CLANG_WARN__DUPLICATE_METHOD_MATCH = YES;
				"CODE_SIGN_IDENTITY[sdk=iphoneos*]" = "iPhone Developer";
				COPY_PHASE_STRIP = NO;
				DEBUG_INFORMATION_FORMAT = dwarf;
				ENABLE_STRICT_OBJC_MSGSEND = YES;
				ENABLE_TESTABILITY = YES;
				GCC_C_LANGUAGE_STANDARD = gnu99;
				GCC_DYNAMIC_NO_PIC = NO;
				GCC_NO_COMMON_BLOCKS = YES;
				GCC_OPTIMIZATION_LEVEL = 0;
				GCC_PREPROCESSOR_DEFINITIONS = (
					"DEBUG=1",
					"$(inherited)",
				);
				GCC_WARN_64_TO_32_BIT_CONVERSION = YES;
				GCC_WARN_ABOUT_RETURN_TYPE = YES_ERROR;
				GCC_WARN_UNDECLARED_SELECTOR = YES;
				GCC_WARN_UNINITIALIZED_AUTOS = YES_AGGRESSIVE;
				GCC_WARN_UNUSED_FUNCTION = YES;
				GCC_WARN_UNUSED_VARIABLE = YES;
				IPHONEOS_DEPLOYMENT_TARGET = 9.2;
				MTL_ENABLE_DEBUG_INFO = YES;
				ONLY_ACTIVE_ARCH = YES;
				SDKROOT = iphoneos;
				SWIFT_OPTIMIZATION_LEVEL = "-Onone";
				TARGETED_DEVICE_FAMILY = 2;
			};
			name = Debug;
		};
		DBEEC3B71C98569100FFA9AE /* Release */ = {
			isa = XCBuildConfiguration;
			buildSettings = {
				ALWAYS_SEARCH_USER_PATHS = NO;
				CLANG_CXX_LANGUAGE_STANDARD = "gnu++0x";
				CLANG_CXX_LIBRARY = "libc++";
				CLANG_ENABLE_MODULES = YES;
				CLANG_ENABLE_OBJC_ARC = YES;
				CLANG_WARN_BOOL_CONVERSION = YES;
				CLANG_WARN_CONSTANT_CONVERSION = YES;
				CLANG_WARN_DIRECT_OBJC_ISA_USAGE = YES_ERROR;
				CLANG_WARN_EMPTY_BODY = YES;
				CLANG_WARN_ENUM_CONVERSION = YES;
				CLANG_WARN_INT_CONVERSION = YES;
				CLANG_WARN_OBJC_ROOT_CLASS = YES_ERROR;
				CLANG_WARN_UNREACHABLE_CODE = YES;
				CLANG_WARN__DUPLICATE_METHOD_MATCH = YES;
				"CODE_SIGN_IDENTITY[sdk=iphoneos*]" = "iPhone Developer";
				COPY_PHASE_STRIP = NO;
				DEBUG_INFORMATION_FORMAT = "dwarf-with-dsym";
				ENABLE_NS_ASSERTIONS = NO;
				ENABLE_STRICT_OBJC_MSGSEND = YES;
				GCC_C_LANGUAGE_STANDARD = gnu99;
				GCC_NO_COMMON_BLOCKS = YES;
				GCC_WARN_64_TO_32_BIT_CONVERSION = YES;
				GCC_WARN_ABOUT_RETURN_TYPE = YES_ERROR;
				GCC_WARN_UNDECLARED_SELECTOR = YES;
				GCC_WARN_UNINITIALIZED_AUTOS = YES_AGGRESSIVE;
				GCC_WARN_UNUSED_FUNCTION = YES;
				GCC_WARN_UNUSED_VARIABLE = YES;
				IPHONEOS_DEPLOYMENT_TARGET = 9.2;
				MTL_ENABLE_DEBUG_INFO = NO;
				SDKROOT = iphoneos;
				TARGETED_DEVICE_FAMILY = 2;
				VALIDATE_PRODUCT = YES;
			};
			name = Release;
		};
		DBEEC3B91C98569100FFA9AE /* Debug */ = {
			isa = XCBuildConfiguration;
			buildSettings = {
				ASSETCATALOG_COMPILER_APPICON_NAME = AppIcon;
				INFOPLIST_FILE = MagicVideo/Info.plist;
				LD_RUNPATH_SEARCH_PATHS = "$(inherited) @executable_path/Frameworks";
				PRODUCT_BUNDLE_IDENTIFIER = com.prv.MagicVideo;
				PRODUCT_NAME = "$(TARGET_NAME)";
				TARGETED_DEVICE_FAMILY = "1,2";
			};
			name = Debug;
		};
		DBEEC3BA1C98569100FFA9AE /* Release */ = {
			isa = XCBuildConfiguration;
			buildSettings = {
				ASSETCATALOG_COMPILER_APPICON_NAME = AppIcon;
				INFOPLIST_FILE = MagicVideo/Info.plist;
				LD_RUNPATH_SEARCH_PATHS = "$(inherited) @executable_path/Frameworks";
				PRODUCT_BUNDLE_IDENTIFIER = com.prv.MagicVideo;
				PRODUCT_NAME = "$(TARGET_NAME)";
				TARGETED_DEVICE_FAMILY = "1,2";
			};
			name = Release;
		};
/* End XCBuildConfiguration section */

/* Begin XCConfigurationList section */
		DBEEC3A11C98569100FFA9AE /* Build configuration list for PBXProject "MagicVideo" */ = {
			isa = XCConfigurationList;
			buildConfigurations = (
				DBEEC3B61C98569100FFA9AE /* Debug */,
				DBEEC3B71C98569100FFA9AE /* Release */,
			);
			defaultConfigurationIsVisible = 0;
			defaultConfigurationName = Release;
		};
		DBEEC3B81C98569100FFA9AE /* Build configuration list for PBXNativeTarget "MagicVideo" */ = {
			isa = XCConfigurationList;
			buildConfigurations = (
				DBEEC3B91C98569100FFA9AE /* Debug */,
				DBEEC3BA1C98569100FFA9AE /* Release */,
			);
			defaultConfigurationIsVisible = 0;
			defaultConfigurationName = Release;
		};
/* End XCConfigurationList section */
	};
	rootObject = DBEEC39E1C98569100FFA9AE /* Project object */;
}
