// !$*UTF8*$!
{
	archiveVersion = 1;
	classes = {
	};
	objectVersion = 46;
	objects = {

/* Begin PBXBuildFile section */
		DB9B222A1CA6766600AFBF07 /* main.m in Sources */ = {isa = PBXBuildFile; fileRef = DB9B22291CA6766600AFBF07 /* main.m */; };
		DB9B22331CA6766700AFBF07 /* Main.storyboard in Resources */ = {isa = PBXBuildFile; fileRef = DB9B22311CA6766700AFBF07 /* Main.storyboard */; };
		DB9B22361CA6766700AFBF07 /* MagicVideo.xcdatamodeld in Sources */ = {isa = PBXBuildFile; fileRef = DB9B22341CA6766700AFBF07 /* MagicVideo.xcdatamodeld */; };
		DB9B22381CA6766700AFBF07 /* Assets.xcassets in Resources */ = {isa = PBXBuildFile; fileRef = DB9B22371CA6766700AFBF07 /* Assets.xcassets */; };
		DB9B224C1CA677C000AFBF07 /* AAPLCameraAppDelegate.m in Sources */ = {isa = PBXBuildFile; fileRef = DB9B22471CA677C000AFBF07 /* AAPLCameraAppDelegate.m */; };
		DB9B224D1CA677C000AFBF07 /* AAPLCameraPreviewView.m in Sources */ = {isa = PBXBuildFile; fileRef = DB9B22491CA677C000AFBF07 /* AAPLCameraPreviewView.m */; };
		DB9B224E1CA677C000AFBF07 /* AAPLCameraViewController.m in Sources */ = {isa = PBXBuildFile; fileRef = DB9B224B1CA677C000AFBF07 /* AAPLCameraViewController.m */; };
		DB9B22571CA6781200AFBF07 /* AAPLPlayerViewController.m in Sources */ = {isa = PBXBuildFile; fileRef = DB9B22501CA6781200AFBF07 /* AAPLPlayerViewController.m */; };
		DB9B22581CA6781200AFBF07 /* APLAppDelegate.m in Sources */ = {isa = PBXBuildFile; fileRef = DB9B22521CA6781200AFBF07 /* APLAppDelegate.m */; };
		DB9B22591CA6781200AFBF07 /* APLEventsTableViewController.m in Sources */ = {isa = PBXBuildFile; fileRef = DB9B22541CA6781200AFBF07 /* APLEventsTableViewController.m */; };
		DB9B225A1CA6781200AFBF07 /* APLTagSelectionController.m in Sources */ = {isa = PBXBuildFile; fileRef = DB9B22561CA6781200AFBF07 /* APLTagSelectionController.m */; };
		DB9B225D1CA6781C00AFBF07 /* PlayerSimpleViewController.m in Sources */ = {isa = PBXBuildFile; fileRef = DB9B225C1CA6781C00AFBF07 /* PlayerSimpleViewController.m */; };
		DB9B22661CA6787500AFBF07 /* APLEvent.m in Sources */ = {isa = PBXBuildFile; fileRef = DB9B22601CA6787500AFBF07 /* APLEvent.m */; };
		DB9B22671CA6787500AFBF07 /* SavVideo.m in Sources */ = {isa = PBXBuildFile; fileRef = DB9B22611CA6787500AFBF07 /* SavVideo.m */; };
		DB9B22681CA6787500AFBF07 /* APLTag.m in Sources */ = {isa = PBXBuildFile; fileRef = DB9B22621CA6787500AFBF07 /* APLTag.m */; };
		DB9B22691CA6787500AFBF07 /* DataSettings.m in Sources */ = {isa = PBXBuildFile; fileRef = DB9B22641CA6787500AFBF07 /* DataSettings.m */; };
		DB9B226E1CA678B400AFBF07 /* APLEditableTableViewCell.m in Sources */ = {isa = PBXBuildFile; fileRef = DB9B226C1CA678B400AFBF07 /* APLEditableTableViewCell.m */; };
		DB9B226F1CA678B400AFBF07 /* APLEventTableViewCell.m in Sources */ = {isa = PBXBuildFile; fileRef = DB9B226D1CA678B400AFBF07 /* APLEventTableViewCell.m */; };
		DB9B22711CA6797200AFBF07 /* Default-568h@2x.png in Resources */ = {isa = PBXBuildFile; fileRef = DB9B22701CA6797200AFBF07 /* Default-568h@2x.png */; };
		DB9B22771CA6799000AFBF07 /* Default.png in Resources */ = {isa = PBXBuildFile; fileRef = DB9B22741CA6799000AFBF07 /* Default.png */; };
		DB9B22781CA6799000AFBF07 /* Default@2x.png in Resources */ = {isa = PBXBuildFile; fileRef = DB9B22751CA6799000AFBF07 /* Default@2x.png */; };
		DB9B22791CA6799000AFBF07 /* parametres.plist in Resources */ = {isa = PBXBuildFile; fileRef = DB9B22761CA6799000AFBF07 /* parametres.plist */; };
		DB9B227B1CA67A5D00AFBF07 /* CoreMedia.framework in Frameworks */ = {isa = PBXBuildFile; fileRef = DB9B227A1CA67A5D00AFBF07 /* CoreMedia.framework */; };
		DB9B227D1CA67A7500AFBF07 /* Photos.framework in Frameworks */ = {isa = PBXBuildFile; fileRef = DB9B227C1CA67A7500AFBF07 /* Photos.framework */; };
		DB9B22801CA67A7E00AFBF07 /* AVFoundation.framework in Frameworks */ = {isa = PBXBuildFile; fileRef = DB9B227E1CA67A7E00AFBF07 /* AVFoundation.framework */; };
		DB9B22831CA67AC700AFBF07 /* CoreLocation.framework in Frameworks */ = {isa = PBXBuildFile; fileRef = DB9B22821CA67AC700AFBF07 /* CoreLocation.framework */; };
		DB9B22851CA67AD800AFBF07 /* CoreGraphics.framework in Frameworks */ = {isa = PBXBuildFile; fileRef = DB9B22841CA67AD800AFBF07 /* CoreGraphics.framework */; };
		DB9B22871CA67AEE00AFBF07 /* CoreData.framework in Frameworks */ = {isa = PBXBuildFile; fileRef = DB9B22861CA67AEE00AFBF07 /* CoreData.framework */; };
		DB9B22891CA67B2F00AFBF07 /* UIKit.framework in Frameworks */ = {isa = PBXBuildFile; fileRef = DB9B22881CA67B2F00AFBF07 /* UIKit.framework */; };
/* End PBXBuildFile section */

/* Begin PBXFileReference section */
		DB9B22251CA6766600AFBF07 /* MagicVideo.app */ = {isa = PBXFileReference; explicitFileType = wrapper.application; includeInIndex = 0; path = MagicVideo.app; sourceTree = BUILT_PRODUCTS_DIR; };
		DB9B22291CA6766600AFBF07 /* main.m */ = {isa = PBXFileReference; lastKnownFileType = sourcecode.c.objc; path = main.m; sourceTree = "<group>"; };
		DB9B22321CA6766700AFBF07 /* Base */ = {isa = PBXFileReference; lastKnownFileType = file.storyboard; name = Base; path = Base.lproj/Main.storyboard; sourceTree = "<group>"; };
		DB9B22351CA6766700AFBF07 /* MagicVideo.xcdatamodel */ = {isa = PBXFileReference; lastKnownFileType = wrapper.xcdatamodel; path = MagicVideo.xcdatamodel; sourceTree = "<group>"; };
		DB9B22371CA6766700AFBF07 /* Assets.xcassets */ = {isa = PBXFileReference; lastKnownFileType = folder.assetcatalog; path = Assets.xcassets; sourceTree = "<group>"; };
		DB9B223C1CA6766700AFBF07 /* Info.plist */ = {isa = PBXFileReference; lastKnownFileType = text.plist.xml; path = Info.plist; sourceTree = "<group>"; };
		DB9B22461CA677C000AFBF07 /* AAPLCameraAppDelegate.h */ = {isa = PBXFileReference; fileEncoding = 4; lastKnownFileType = sourcecode.c.h; path = AAPLCameraAppDelegate.h; sourceTree = "<group>"; };
		DB9B22471CA677C000AFBF07 /* AAPLCameraAppDelegate.m */ = {isa = PBXFileReference; fileEncoding = 4; lastKnownFileType = sourcecode.c.objc; path = AAPLCameraAppDelegate.m; sourceTree = "<group>"; };
		DB9B22481CA677C000AFBF07 /* AAPLCameraPreviewView.h */ = {isa = PBXFileReference; fileEncoding = 4; lastKnownFileType = sourcecode.c.h; path = AAPLCameraPreviewView.h; sourceTree = "<group>"; };
		DB9B22491CA677C000AFBF07 /* AAPLCameraPreviewView.m */ = {isa = PBXFileReference; fileEncoding = 4; lastKnownFileType = sourcecode.c.objc; path = AAPLCameraPreviewView.m; sourceTree = "<group>"; };
		DB9B224A1CA677C000AFBF07 /* AAPLCameraViewController.h */ = {isa = PBXFileReference; fileEncoding = 4; lastKnownFileType = sourcecode.c.h; path = AAPLCameraViewController.h; sourceTree = "<group>"; };
		DB9B224B1CA677C000AFBF07 /* AAPLCameraViewController.m */ = {isa = PBXFileReference; fileEncoding = 4; lastKnownFileType = sourcecode.c.objc; path = AAPLCameraViewController.m; sourceTree = "<group>"; };
		DB9B224F1CA6781200AFBF07 /* AAPLPlayerViewController.h */ = {isa = PBXFileReference; fileEncoding = 4; lastKnownFileType = sourcecode.c.h; path = AAPLPlayerViewController.h; sourceTree = "<group>"; };
		DB9B22501CA6781200AFBF07 /* AAPLPlayerViewController.m */ = {isa = PBXFileReference; fileEncoding = 4; lastKnownFileType = sourcecode.c.objc; path = AAPLPlayerViewController.m; sourceTree = "<group>"; };
		DB9B22511CA6781200AFBF07 /* APLAppDelegate.h */ = {isa = PBXFileReference; fileEncoding = 4; lastKnownFileType = sourcecode.c.h; path = APLAppDelegate.h; sourceTree = "<group>"; };
		DB9B22521CA6781200AFBF07 /* APLAppDelegate.m */ = {isa = PBXFileReference; fileEncoding = 4; lastKnownFileType = sourcecode.c.objc; path = APLAppDelegate.m; sourceTree = "<group>"; };
		DB9B22531CA6781200AFBF07 /* APLEventsTableViewController.h */ = {isa = PBXFileReference; fileEncoding = 4; lastKnownFileType = sourcecode.c.h; path = APLEventsTableViewController.h; sourceTree = "<group>"; };
		DB9B22541CA6781200AFBF07 /* APLEventsTableViewController.m */ = {isa = PBXFileReference; fileEncoding = 4; lastKnownFileType = sourcecode.c.objc; path = APLEventsTableViewController.m; sourceTree = "<group>"; };
		DB9B22551CA6781200AFBF07 /* APLTagSelectionController.h */ = {isa = PBXFileReference; fileEncoding = 4; lastKnownFileType = sourcecode.c.h; path = APLTagSelectionController.h; sourceTree = "<group>"; };
		DB9B22561CA6781200AFBF07 /* APLTagSelectionController.m */ = {isa = PBXFileReference; fileEncoding = 4; lastKnownFileType = sourcecode.c.objc; path = APLTagSelectionController.m; sourceTree = "<group>"; };
		DB9B225B1CA6781C00AFBF07 /* PlayerSimpleViewController.h */ = {isa = PBXFileReference; fileEncoding = 4; lastKnownFileType = sourcecode.c.h; path = PlayerSimpleViewController.h; sourceTree = "<group>"; };
		DB9B225C1CA6781C00AFBF07 /* PlayerSimpleViewController.m */ = {isa = PBXFileReference; fileEncoding = 4; lastKnownFileType = sourcecode.c.objc; path = PlayerSimpleViewController.m; sourceTree = "<group>"; };
		DB9B225E1CA6787500AFBF07 /* APLEvent.h */ = {isa = PBXFileReference; fileEncoding = 4; lastKnownFileType = sourcecode.c.h; path = APLEvent.h; sourceTree = "<group>"; };
		DB9B225F1CA6787500AFBF07 /* SavVideo.h */ = {isa = PBXFileReference; fileEncoding = 4; lastKnownFileType = sourcecode.c.h; path = SavVideo.h; sourceTree = "<group>"; };
		DB9B22601CA6787500AFBF07 /* APLEvent.m */ = {isa = PBXFileReference; fileEncoding = 4; lastKnownFileType = sourcecode.c.objc; path = APLEvent.m; sourceTree = "<group>"; };
		DB9B22611CA6787500AFBF07 /* SavVideo.m */ = {isa = PBXFileReference; fileEncoding = 4; lastKnownFileType = sourcecode.c.objc; path = SavVideo.m; sourceTree = "<group>"; };
		DB9B22621CA6787500AFBF07 /* APLTag.m */ = {isa = PBXFileReference; fileEncoding = 4; lastKnownFileType = sourcecode.c.objc; path = APLTag.m; sourceTree = "<group>"; };
		DB9B22631CA6787500AFBF07 /* APLTag.h */ = {isa = PBXFileReference; fileEncoding = 4; lastKnownFileType = sourcecode.c.h; path = APLTag.h; sourceTree = "<group>"; };
		DB9B22641CA6787500AFBF07 /* DataSettings.m */ = {isa = PBXFileReference; fileEncoding = 4; lastKnownFileType = sourcecode.c.objc; path = DataSettings.m; sourceTree = "<group>"; };
		DB9B22651CA6787500AFBF07 /* DataSettings.h */ = {isa = PBXFileReference; fileEncoding = 4; lastKnownFileType = sourcecode.c.h; path = DataSettings.h; sourceTree = "<group>"; };
		DB9B226A1CA678B400AFBF07 /* APLEventTableViewCell.h */ = {isa = PBXFileReference; fileEncoding = 4; lastKnownFileType = sourcecode.c.h; path = APLEventTableViewCell.h; sourceTree = "<group>"; };
		DB9B226B1CA678B400AFBF07 /* APLEditableTableViewCell.h */ = {isa = PBXFileReference; fileEncoding = 4; lastKnownFileType = sourcecode.c.h; path = APLEditableTableViewCell.h; sourceTree = "<group>"; };
		DB9B226C1CA678B400AFBF07 /* APLEditableTableViewCell.m */ = {isa = PBXFileReference; fileEncoding = 4; lastKnownFileType = sourcecode.c.objc; path = APLEditableTableViewCell.m; sourceTree = "<group>"; };
		DB9B226D1CA678B400AFBF07 /* APLEventTableViewCell.m */ = {isa = PBXFileReference; fileEncoding = 4; lastKnownFileType = sourcecode.c.objc; path = APLEventTableViewCell.m; sourceTree = "<group>"; };
		DB9B22701CA6797200AFBF07 /* Default-568h@2x.png */ = {isa = PBXFileReference; lastKnownFileType = image.png; path = "Default-568h@2x.png"; sourceTree = "<group>"; };
		DB9B22741CA6799000AFBF07 /* Default.png */ = {isa = PBXFileReference; lastKnownFileType = image.png; path = Default.png; sourceTree = "<group>"; };
		DB9B22751CA6799000AFBF07 /* Default@2x.png */ = {isa = PBXFileReference; lastKnownFileType = image.png; path = "Default@2x.png"; sourceTree = "<group>"; };
		DB9B22761CA6799000AFBF07 /* parametres.plist */ = {isa = PBXFileReference; fileEncoding = 4; lastKnownFileType = text.plist.xml; path = parametres.plist; sourceTree = "<group>"; };
		DB9B227A1CA67A5D00AFBF07 /* CoreMedia.framework */ = {isa = PBXFileReference; lastKnownFileType = wrapper.framework; name = CoreMedia.framework; path = System/Library/Frameworks/CoreMedia.framework; sourceTree = SDKROOT; };
		DB9B227C1CA67A7500AFBF07 /* Photos.framework */ = {isa = PBXFileReference; lastKnownFileType = wrapper.framework; name = Photos.framework; path = System/Library/Frameworks/Photos.framework; sourceTree = SDKROOT; };
		DB9B227E1CA67A7E00AFBF07 /* AVFoundation.framework */ = {isa = PBXFileReference; lastKnownFileType = wrapper.framework; name = AVFoundation.framework; path = System/Library/Frameworks/AVFoundation.framework; sourceTree = SDKROOT; };
		DB9B227F1CA67A7E00AFBF07 /* AVKit.framework */ = {isa = PBXFileReference; lastKnownFileType = wrapper.framework; name = AVKit.framework; path = System/Library/Frameworks/AVKit.framework; sourceTree = SDKROOT; };
		DB9B22821CA67AC700AFBF07 /* CoreLocation.framework */ = {isa = PBXFileReference; lastKnownFileType = wrapper.framework; name = CoreLocation.framework; path = System/Library/Frameworks/CoreLocation.framework; sourceTree = SDKROOT; };
		DB9B22841CA67AD800AFBF07 /* CoreGraphics.framework */ = {isa = PBXFileReference; lastKnownFileType = wrapper.framework; name = CoreGraphics.framework; path = System/Library/Frameworks/CoreGraphics.framework; sourceTree = SDKROOT; };
		DB9B22861CA67AEE00AFBF07 /* CoreData.framework */ = {isa = PBXFileReference; lastKnownFileType = wrapper.framework; name = CoreData.framework; path = System/Library/Frameworks/CoreData.framework; sourceTree = SDKROOT; };
		DB9B22881CA67B2F00AFBF07 /* UIKit.framework */ = {isa = PBXFileReference; lastKnownFileType = wrapper.framework; name = UIKit.framework; path = System/Library/Frameworks/UIKit.framework; sourceTree = SDKROOT; };
		DBD864F81CADA25F000A00B5 /* AssetsLibrary.framework */ = {isa = PBXFileReference; lastKnownFileType = wrapper.framework; name = AssetsLibrary.framework; path = System/Library/Frameworks/AssetsLibrary.framework; sourceTree = SDKROOT; };
/* End PBXFileReference section */

/* Begin PBXFrameworksBuildPhase section */
		DB9B22221CA6766600AFBF07 /* Frameworks */ = {
			isa = PBXFrameworksBuildPhase;
			buildActionMask = 2147483647;
			files = (
				DB9B22891CA67B2F00AFBF07 /* UIKit.framework in Frameworks */,
				DB9B22871CA67AEE00AFBF07 /* CoreData.framework in Frameworks */,
				DB9B22851CA67AD800AFBF07 /* CoreGraphics.framework in Frameworks */,
				DB9B22831CA67AC700AFBF07 /* CoreLocation.framework in Frameworks */,
				DB9B22801CA67A7E00AFBF07 /* AVFoundation.framework in Frameworks */,
				DB9B227D1CA67A7500AFBF07 /* Photos.framework in Frameworks */,
				DB9B227B1CA67A5D00AFBF07 /* CoreMedia.framework in Frameworks */,
			);
			runOnlyForDeploymentPostprocessing = 0;
		};
/* End PBXFrameworksBuildPhase section */

/* Begin PBXGroup section */
		DB9B221C1CA6766600AFBF07 = {
			isa = PBXGroup;
			children = (
				DB9B22271CA6766600AFBF07 /* MagicVideo */,
				DB9B228A1CA67B5900AFBF07 /* Frameworks */,
				DB9B22261CA6766600AFBF07 /* Products */,
			);
			sourceTree = "<group>";
		};
		DB9B22261CA6766600AFBF07 /* Products */ = {
			isa = PBXGroup;
			children = (
				DB9B22251CA6766600AFBF07 /* MagicVideo.app */,
			);
			name = Products;
			sourceTree = "<group>";
		};
		DB9B22271CA6766600AFBF07 /* MagicVideo */ = {
			isa = PBXGroup;
			children = (
				DB9B22431CA6772F00AFBF07 /* Controller */,
				DB9B22421CA6771B00AFBF07 /* Camera */,
				DB9B22451CA6775700AFBF07 /* table view cell */,
				DB9B22441CA6774100AFBF07 /* Model */,
				DB9B22281CA6766600AFBF07 /* Supporting Files */,
			);
			path = MagicVideo;
			sourceTree = "<group>";
		};
		DB9B22281CA6766600AFBF07 /* Supporting Files */ = {
			isa = PBXGroup;
			children = (
				DB9B22371CA6766700AFBF07 /* Assets.xcassets */,
				DB9B22741CA6799000AFBF07 /* Default.png */,
				DB9B22751CA6799000AFBF07 /* Default@2x.png */,
				DB9B22761CA6799000AFBF07 /* parametres.plist */,
				DB9B22701CA6797200AFBF07 /* Default-568h@2x.png */,
				DB9B223C1CA6766700AFBF07 /* Info.plist */,
				DB9B22291CA6766600AFBF07 /* main.m */,
			);
			name = "Supporting Files";
			sourceTree = "<group>";
		};
		DB9B22421CA6771B00AFBF07 /* Camera */ = {
			isa = PBXGroup;
			children = (
				DB9B22461CA677C000AFBF07 /* AAPLCameraAppDelegate.h */,
				DB9B22471CA677C000AFBF07 /* AAPLCameraAppDelegate.m */,
				DB9B22481CA677C000AFBF07 /* AAPLCameraPreviewView.h */,
				DB9B22491CA677C000AFBF07 /* AAPLCameraPreviewView.m */,
				DB9B224A1CA677C000AFBF07 /* AAPLCameraViewController.h */,
				DB9B224B1CA677C000AFBF07 /* AAPLCameraViewController.m */,
			);
			name = Camera;
			sourceTree = "<group>";
		};
		DB9B22431CA6772F00AFBF07 /* Controller */ = {
			isa = PBXGroup;
			children = (
				DB9B22531CA6781200AFBF07 /* APLEventsTableViewController.h */,
				DB9B22541CA6781200AFBF07 /* APLEventsTableViewController.m */,
				DB9B22551CA6781200AFBF07 /* APLTagSelectionController.h */,
				DB9B22561CA6781200AFBF07 /* APLTagSelectionController.m */,
				DB9B225B1CA6781C00AFBF07 /* PlayerSimpleViewController.h */,
				DB9B225C1CA6781C00AFBF07 /* PlayerSimpleViewController.m */,
				DB9B224F1CA6781200AFBF07 /* AAPLPlayerViewController.h */,
				DB9B22501CA6781200AFBF07 /* AAPLPlayerViewController.m */,
				DB9B22511CA6781200AFBF07 /* APLAppDelegate.h */,
				DB9B22521CA6781200AFBF07 /* APLAppDelegate.m */,
			);
			name = Controller;
			sourceTree = "<group>";
		};
		DB9B22441CA6774100AFBF07 /* Model */ = {
			isa = PBXGroup;
			children = (
				DB9B22341CA6766700AFBF07 /* MagicVideo.xcdatamodeld */,
				DB9B22311CA6766700AFBF07 /* Main.storyboard */,
				DB9B225E1CA6787500AFBF07 /* APLEvent.h */,
				DB9B22601CA6787500AFBF07 /* APLEvent.m */,
				DB9B225F1CA6787500AFBF07 /* SavVideo.h */,
				DB9B22611CA6787500AFBF07 /* SavVideo.m */,
				DB9B22621CA6787500AFBF07 /* APLTag.m */,
				DB9B22631CA6787500AFBF07 /* APLTag.h */,
				DB9B22641CA6787500AFBF07 /* DataSettings.m */,
				DB9B22651CA6787500AFBF07 /* DataSettings.h */,
			);
			name = Model;
			sourceTree = "<group>";
		};
		DB9B22451CA6775700AFBF07 /* table view cell */ = {
			isa = PBXGroup;
			children = (
				DB9B226A1CA678B400AFBF07 /* APLEventTableViewCell.h */,
				DB9B226D1CA678B400AFBF07 /* APLEventTableViewCell.m */,
				DB9B226C1CA678B400AFBF07 /* APLEditableTableViewCell.m */,
				DB9B226B1CA678B400AFBF07 /* APLEditableTableViewCell.h */,
			);
			name = "table view cell";
			sourceTree = "<group>";
		};
		DB9B228A1CA67B5900AFBF07 /* Frameworks */ = {
			isa = PBXGroup;
			children = (
				DBD864F81CADA25F000A00B5 /* AssetsLibrary.framework */,
				DB9B22881CA67B2F00AFBF07 /* UIKit.framework */,
				DB9B22861CA67AEE00AFBF07 /* CoreData.framework */,
				DB9B22841CA67AD800AFBF07 /* CoreGraphics.framework */,
				DB9B22821CA67AC700AFBF07 /* CoreLocation.framework */,
				DB9B227E1CA67A7E00AFBF07 /* AVFoundation.framework */,
				DB9B227F1CA67A7E00AFBF07 /* AVKit.framework */,
				DB9B227C1CA67A7500AFBF07 /* Photos.framework */,
				DB9B227A1CA67A5D00AFBF07 /* CoreMedia.framework */,
			);
			name = Frameworks;
			path = MagicVideo;
			sourceTree = "<group>";
		};
/* End PBXGroup section */

/* Begin PBXNativeTarget section */
		DB9B22241CA6766600AFBF07 /* MagicVideo */ = {
			isa = PBXNativeTarget;
			buildConfigurationList = DB9B223F1CA6766700AFBF07 /* Build configuration list for PBXNativeTarget "MagicVideo" */;
			buildPhases = (
				DB9B22211CA6766600AFBF07 /* Sources */,
				DB9B22221CA6766600AFBF07 /* Frameworks */,
				DB9B22231CA6766600AFBF07 /* Resources */,
			);
			buildRules = (
			);
			dependencies = (
			);
			name = MagicVideo;
			productName = MagicVideo;
			productReference = DB9B22251CA6766600AFBF07 /* MagicVideo.app */;
			productType = "com.apple.product-type.application";
		};
/* End PBXNativeTarget section */

/* Begin PBXProject section */
		DB9B221D1CA6766600AFBF07 /* Project object */ = {
			isa = PBXProject;
			attributes = {
				LastUpgradeCheck = 0730;
				ORGANIZATIONNAME = "Pastouret Roger";
				TargetAttributes = {
					DB9B22241CA6766600AFBF07 = {
						CreatedOnToolsVersion = 7.3;
						DevelopmentTeam = TNC26WW3G9;
					};
				};
			};
			buildConfigurationList = DB9B22201CA6766600AFBF07 /* Build configuration list for PBXProject "MagicVideo" */;
			compatibilityVersion = "Xcode 3.2";
			developmentRegion = English;
			hasScannedForEncodings = 0;
			knownRegions = (
				en,
				Base,
			);
			mainGroup = DB9B221C1CA6766600AFBF07;
			productRefGroup = DB9B22261CA6766600AFBF07 /* Products */;
			projectDirPath = "";
			projectRoot = "";
			targets = (
				DB9B22241CA6766600AFBF07 /* MagicVideo */,
			);
		};
/* End PBXProject section */

/* Begin PBXResourcesBuildPhase section */
		DB9B22231CA6766600AFBF07 /* Resources */ = {
			isa = PBXResourcesBuildPhase;
			buildActionMask = 2147483647;
			files = (
				DB9B22781CA6799000AFBF07 /* Default@2x.png in Resources */,
				DB9B22791CA6799000AFBF07 /* parametres.plist in Resources */,
				DB9B22381CA6766700AFBF07 /* Assets.xcassets in Resources */,
				DB9B22331CA6766700AFBF07 /* Main.storyboard in Resources */,
				DB9B22711CA6797200AFBF07 /* Default-568h@2x.png in Resources */,
				DB9B22771CA6799000AFBF07 /* Default.png in Resources */,
			);
			runOnlyForDeploymentPostprocessing = 0;
		};
/* End PBXResourcesBuildPhase section */

/* Begin PBXSourcesBuildPhase section */
		DB9B22211CA6766600AFBF07 /* Sources */ = {
			isa = PBXSourcesBuildPhase;
			buildActionMask = 2147483647;
			files = (
				DB9B226F1CA678B400AFBF07 /* APLEventTableViewCell.m in Sources */,
				DB9B22661CA6787500AFBF07 /* APLEvent.m in Sources */,
				DB9B225D1CA6781C00AFBF07 /* PlayerSimpleViewController.m in Sources */,
				DB9B225A1CA6781200AFBF07 /* APLTagSelectionController.m in Sources */,
				DB9B22681CA6787500AFBF07 /* APLTag.m in Sources */,
				DB9B224C1CA677C000AFBF07 /* AAPLCameraAppDelegate.m in Sources */,
				DB9B22591CA6781200AFBF07 /* APLEventsTableViewController.m in Sources */,
				DB9B22571CA6781200AFBF07 /* AAPLPlayerViewController.m in Sources */,
				DB9B222A1CA6766600AFBF07 /* main.m in Sources */,
				DB9B22581CA6781200AFBF07 /* APLAppDelegate.m in Sources */,
				DB9B22361CA6766700AFBF07 /* MagicVideo.xcdatamodeld in Sources */,
				DB9B22691CA6787500AFBF07 /* DataSettings.m in Sources */,
				DB9B224D1CA677C000AFBF07 /* AAPLCameraPreviewView.m in Sources */,
				DB9B22671CA6787500AFBF07 /* SavVideo.m in Sources */,
				DB9B224E1CA677C000AFBF07 /* AAPLCameraViewController.m in Sources */,
				DB9B226E1CA678B400AFBF07 /* APLEditableTableViewCell.m in Sources */,
			);
			runOnlyForDeploymentPostprocessing = 0;
		};
/* End PBXSourcesBuildPhase section */

/* Begin PBXVariantGroup section */
		DB9B22311CA6766700AFBF07 /* Main.storyboard */ = {
			isa = PBXVariantGroup;
			children = (
				DB9B22321CA6766700AFBF07 /* Base */,
			);
			name = Main.storyboard;
			sourceTree = "<group>";
		};
/* End PBXVariantGroup section */

/* Begin XCBuildConfiguration section */
		DB9B223D1CA6766700AFBF07 /* Debug */ = {
			isa = XCBuildConfiguration;
			buildSettings = {
				ALWAYS_SEARCH_USER_PATHS = NO;
				CLANG_ANALYZER_NONNULL = YES;
				CLANG_CXX_LANGUAGE_STANDARD = "gnu++0x";
				CLANG_CXX_LIBRARY = "libc++";
				CLANG_ENABLE_MODULES = YES;
				CLANG_ENABLE_OBJC_ARC = YES;
				CLANG_WARN_BOOL_CONVERSION = YES;
				CLANG_WARN_CONSTANT_CONVERSION = YES;
				CLANG_WARN_DIRECT_OBJC_ISA_USAGE = YES_ERROR;
				CLANG_WARN_EMPTY_BODY = YES;
				CLANG_WARN_ENUM_CONVERSION = YES;
				CLANG_WARN_INT_CONVERSION = YES;
				CLANG_WARN_OBJC_ROOT_CLASS = YES_ERROR;
				CLANG_WARN_UNREACHABLE_CODE = YES;
				CLANG_WARN__DUPLICATE_METHOD_MATCH = YES;
				CODE_SIGN_IDENTITY = "iPhone Distribution: pastouret roger (TNC26WW3G9)";
				"CODE_SIGN_IDENTITY[sdk=iphoneos*]" = "iPhone Distribution";
				COPY_PHASE_STRIP = NO;
				DEBUG_INFORMATION_FORMAT = dwarf;
				ENABLE_STRICT_OBJC_MSGSEND = YES;
				ENABLE_TESTABILITY = YES;
				GCC_C_LANGUAGE_STANDARD = gnu99;
				GCC_DYNAMIC_NO_PIC = NO;
				GCC_NO_COMMON_BLOCKS = YES;
				GCC_OPTIMIZATION_LEVEL = 0;
				GCC_PREPROCESSOR_DEFINITIONS = (
					"DEBUG=1",
					"$(inherited)",
				);
				GCC_WARN_64_TO_32_BIT_CONVERSION = YES;
				GCC_WARN_ABOUT_RETURN_TYPE = YES_ERROR;
				GCC_WARN_UNDECLARED_SELECTOR = YES;
				GCC_WARN_UNINITIALIZED_AUTOS = YES_AGGRESSIVE;
				GCC_WARN_UNUSED_FUNCTION = YES;
				GCC_WARN_UNUSED_VARIABLE = YES;
				IPHONEOS_DEPLOYMENT_TARGET = 9.3;
				MTL_ENABLE_DEBUG_INFO = YES;
				ONLY_ACTIVE_ARCH = YES;
				PROVISIONING_PROFILE = "8736b347-c5bc-4a60-b22b-6bb6544d8705";
				SDKROOT = iphoneos;
				TARGETED_DEVICE_FAMILY = 2;
			};
			name = Debug;
		};
		DB9B223E1CA6766700AFBF07 /* Release */ = {
			isa = XCBuildConfiguration;
			buildSettings = {
				ALWAYS_SEARCH_USER_PATHS = NO;
				CLANG_ANALYZER_NONNULL = YES;
				CLANG_CXX_LANGUAGE_STANDARD = "gnu++0x";
				CLANG_CXX_LIBRARY = "libc++";
				CLANG_ENABLE_MODULES = YES;
				CLANG_ENABLE_OBJC_ARC = YES;
				CLANG_WARN_BOOL_CONVERSION = YES;
				CLANG_WARN_CONSTANT_CONVERSION = YES;
				CLANG_WARN_DIRECT_OBJC_ISA_USAGE = YES_ERROR;
				CLANG_WARN_EMPTY_BODY = YES;
				CLANG_WARN_ENUM_CONVERSION = YES;
				CLANG_WARN_INT_CONVERSION = YES;
				CLANG_WARN_OBJC_ROOT_CLASS = YES_ERROR;
				CLANG_WARN_UNREACHABLE_CODE = YES;
				CLANG_WARN__DUPLICATE_METHOD_MATCH = YES;
				CODE_SIGN_IDENTITY = "iPhone Distribution: pastouret roger (TNC26WW3G9)";
				"CODE_SIGN_IDENTITY[sdk=iphoneos*]" = "iPhone Distribution";
				COPY_PHASE_STRIP = NO;
				DEBUG_INFORMATION_FORMAT = "dwarf-with-dsym";
				ENABLE_NS_ASSERTIONS = NO;
				ENABLE_STRICT_OBJC_MSGSEND = YES;
				GCC_C_LANGUAGE_STANDARD = gnu99;
				GCC_NO_COMMON_BLOCKS = YES;
				GCC_WARN_64_TO_32_BIT_CONVERSION = YES;
				GCC_WARN_ABOUT_RETURN_TYPE = YES_ERROR;
				GCC_WARN_UNDECLARED_SELECTOR = YES;
				GCC_WARN_UNINITIALIZED_AUTOS = YES_AGGRESSIVE;
				GCC_WARN_UNUSED_FUNCTION = YES;
				GCC_WARN_UNUSED_VARIABLE = YES;
				IPHONEOS_DEPLOYMENT_TARGET = 9.3;
				MTL_ENABLE_DEBUG_INFO = NO;
				PROVISIONING_PROFILE = "8736b347-c5bc-4a60-b22b-6bb6544d8705";
				SDKROOT = iphoneos;
				TARGETED_DEVICE_FAMILY = 2;
				VALIDATE_PRODUCT = YES;
			};
			name = Release;
		};
		DB9B22401CA6766700AFBF07 /* Debug */ = {
			isa = XCBuildConfiguration;
			buildSettings = {
				ASSETCATALOG_COMPILER_APPICON_NAME = AppIcon;
				CODE_SIGN_IDENTITY = "iPhone Distribution: pastouret roger (TNC26WW3G9)";
				INFOPLIST_FILE = MagicVideo/Info.plist;
				IPHONEOS_DEPLOYMENT_TARGET = 9.0;
				LD_RUNPATH_SEARCH_PATHS = "$(inherited) @executable_path/Frameworks";
				PRODUCT_BUNDLE_IDENTIFIER = com.prv.MagicVideo;
				PRODUCT_NAME = "$(TARGET_NAME)";
				PROVISIONING_PROFILE = "8736b347-c5bc-4a60-b22b-6bb6544d8705";
				TARGETED_DEVICE_FAMILY = 2;
			};
			name = Debug;
		};
		DB9B22411CA6766700AFBF07 /* Release */ = {
			isa = XCBuildConfiguration;
			buildSettings = {
				ASSETCATALOG_COMPILER_APPICON_NAME = AppIcon;
				CODE_SIGN_IDENTITY = "iPhone Distribution: pastouret roger (TNC26WW3G9)";
				INFOPLIST_FILE = MagicVideo/Info.plist;
				IPHONEOS_DEPLOYMENT_TARGET = 9.0;
				LD_RUNPATH_SEARCH_PATHS = "$(inherited) @executable_path/Frameworks";
				PRODUCT_BUNDLE_IDENTIFIER = com.prv.MagicVideo;
				PRODUCT_NAME = "$(TARGET_NAME)";
				PROVISIONING_PROFILE = "8736b347-c5bc-4a60-b22b-6bb6544d8705";
				TARGETED_DEVICE_FAMILY = 2;
			};
			name = Release;
		};
/* End XCBuildConfiguration section */

/* Begin XCConfigurationList section */
		DB9B22201CA6766600AFBF07 /* Build configuration list for PBXProject "MagicVideo" */ = {
			isa = XCConfigurationList;
			buildConfigurations = (
				DB9B223D1CA6766700AFBF07 /* Debug */,
				DB9B223E1CA6766700AFBF07 /* Release */,
			);
			defaultConfigurationIsVisible = 0;
			defaultConfigurationName = Release;
		};
		DB9B223F1CA6766700AFBF07 /* Build configuration list for PBXNativeTarget "MagicVideo" */ = {
			isa = XCConfigurationList;
			buildConfigurations = (
				DB9B22401CA6766700AFBF07 /* Debug */,
				DB9B22411CA6766700AFBF07 /* Release */,
			);
			defaultConfigurationIsVisible = 0;
			defaultConfigurationName = Release;
		};
/* End XCConfigurationList section */

/* Begin XCVersionGroup section */
		DB9B22341CA6766700AFBF07 /* MagicVideo.xcdatamodeld */ = {
			isa = XCVersionGroup;
			children = (
				DB9B22351CA6766700AFBF07 /* MagicVideo.xcdatamodel */,
			);
			currentVersion = DB9B22351CA6766700AFBF07 /* MagicVideo.xcdatamodel */;
			path = MagicVideo.xcdatamodeld;
			sourceTree = "<group>";
			versionGroupType = wrapper.xcdatamodel;
		};
/* End XCVersionGroup section */
	};
	rootObject = DB9B221D1CA6766600AFBF07 /* Project object */;
}
