// !$*UTF8*$!
{
	archiveVersion = 1;
	classes = {
	};
	objectVersion = 46;
	objects = {

/* Begin PBXBuildFile section */
		DB6011751CA08ECE00DF2E68 /* TableViewController.m in Sources */ = {isa = PBXBuildFile; fileRef = DB6011741CA08ECE00DF2E68 /* TableViewController.m */; };
		DB6011831CA08F2600DF2E68 /* ModelVideo.m in Sources */ = {isa = PBXBuildFile; fileRef = DB60117E1CA08F2600DF2E68 /* ModelVideo.m */; };
		DB6011841CA08F2600DF2E68 /* SavVideo.m in Sources */ = {isa = PBXBuildFile; fileRef = DB6011801CA08F2600DF2E68 /* SavVideo.m */; };
		DBC9A9E91CA08CF4002C2CDF /* main.m in Sources */ = {isa = PBXBuildFile; fileRef = DBC9A9E81CA08CF4002C2CDF /* main.m */; };
		DBC9A9EC1CA08CF4002C2CDF /* AppDelegate.m in Sources */ = {isa = PBXBuildFile; fileRef = DBC9A9EB1CA08CF4002C2CDF /* AppDelegate.m */; };
		DBC9A9F21CA08CF4002C2CDF /* Main.storyboard in Resources */ = {isa = PBXBuildFile; fileRef = DBC9A9F01CA08CF4002C2CDF /* Main.storyboard */; };
		DBC9A9F51CA08CF4002C2CDF /* MagicVideo.xcdatamodeld in Sources */ = {isa = PBXBuildFile; fileRef = DBC9A9F31CA08CF4002C2CDF /* MagicVideo.xcdatamodeld */; };
		DBC9A9F71CA08CF4002C2CDF /* Assets.xcassets in Resources */ = {isa = PBXBuildFile; fileRef = DBC9A9F61CA08CF4002C2CDF /* Assets.xcassets */; };
		DBC9A9FA1CA08CF4002C2CDF /* LaunchScreen.storyboard in Resources */ = {isa = PBXBuildFile; fileRef = DBC9A9F81CA08CF4002C2CDF /* LaunchScreen.storyboard */; };
		DBD9D36C1CA1A27E00D11EED /* AAPLPlayerViewController.m in Sources */ = {isa = PBXBuildFile; fileRef = DBD9D36B1CA1A27E00D11EED /* AAPLPlayerViewController.m */; };
		DBD9D3731CA1A29700D11EED /* AAPLCameraAppDelegate.m in Sources */ = {isa = PBXBuildFile; fileRef = DBD9D36E1CA1A29700D11EED /* AAPLCameraAppDelegate.m */; };
		DBD9D3741CA1A29700D11EED /* AAPLCameraPreviewView.m in Sources */ = {isa = PBXBuildFile; fileRef = DBD9D3701CA1A29700D11EED /* AAPLCameraPreviewView.m */; };
		DBD9D3751CA1A29700D11EED /* AAPLCameraViewController.m in Sources */ = {isa = PBXBuildFile; fileRef = DBD9D3721CA1A29700D11EED /* AAPLCameraViewController.m */; };
		DBD9D37A1CA1C58500D11EED /* PlayerSimpleViewController.m in Sources */ = {isa = PBXBuildFile; fileRef = DBD9D3791CA1C58500D11EED /* PlayerSimpleViewController.m */; };
/* End PBXBuildFile section */

/* Begin PBXFileReference section */
		DB6011741CA08ECE00DF2E68 /* TableViewController.m */ = {isa = PBXFileReference; fileEncoding = 4; lastKnownFileType = sourcecode.c.objc; path = TableViewController.m; sourceTree = "<group>"; };
		DB6011761CA08EDF00DF2E68 /* TableViewController.h */ = {isa = PBXFileReference; lastKnownFileType = sourcecode.c.h; path = TableViewController.h; sourceTree = "<group>"; };
		DB60117D1CA08F2600DF2E68 /* ModelVideo.h */ = {isa = PBXFileReference; fileEncoding = 4; lastKnownFileType = sourcecode.c.h; path = ModelVideo.h; sourceTree = "<group>"; };
		DB60117E1CA08F2600DF2E68 /* ModelVideo.m */ = {isa = PBXFileReference; fileEncoding = 4; lastKnownFileType = sourcecode.c.objc; path = ModelVideo.m; sourceTree = "<group>"; };
		DB60117F1CA08F2600DF2E68 /* SavVideo.h */ = {isa = PBXFileReference; fileEncoding = 4; lastKnownFileType = sourcecode.c.h; path = SavVideo.h; sourceTree = "<group>"; };
		DB6011801CA08F2600DF2E68 /* SavVideo.m */ = {isa = PBXFileReference; fileEncoding = 4; lastKnownFileType = sourcecode.c.objc; path = SavVideo.m; sourceTree = "<group>"; };
		DBC9A9E41CA08CF4002C2CDF /* MagicVideo.app */ = {isa = PBXFileReference; explicitFileType = wrapper.application; includeInIndex = 0; path = MagicVideo.app; sourceTree = BUILT_PRODUCTS_DIR; };
		DBC9A9E81CA08CF4002C2CDF /* main.m */ = {isa = PBXFileReference; lastKnownFileType = sourcecode.c.objc; path = main.m; sourceTree = "<group>"; };
		DBC9A9EA1CA08CF4002C2CDF /* AppDelegate.h */ = {isa = PBXFileReference; lastKnownFileType = sourcecode.c.h; path = AppDelegate.h; sourceTree = "<group>"; };
		DBC9A9EB1CA08CF4002C2CDF /* AppDelegate.m */ = {isa = PBXFileReference; lastKnownFileType = sourcecode.c.objc; path = AppDelegate.m; sourceTree = "<group>"; };
		DBC9A9F11CA08CF4002C2CDF /* Base */ = {isa = PBXFileReference; lastKnownFileType = file.storyboard; name = Base; path = Base.lproj/Main.storyboard; sourceTree = "<group>"; };
		DBC9A9F41CA08CF4002C2CDF /* MagicVideo.xcdatamodel */ = {isa = PBXFileReference; lastKnownFileType = wrapper.xcdatamodel; path = MagicVideo.xcdatamodel; sourceTree = "<group>"; };
		DBC9A9F61CA08CF4002C2CDF /* Assets.xcassets */ = {isa = PBXFileReference; lastKnownFileType = folder.assetcatalog; path = Assets.xcassets; sourceTree = "<group>"; };
		DBC9A9F91CA08CF4002C2CDF /* Base */ = {isa = PBXFileReference; lastKnownFileType = file.storyboard; name = Base; path = Base.lproj/LaunchScreen.storyboard; sourceTree = "<group>"; };
		DBC9A9FB1CA08CF4002C2CDF /* Info.plist */ = {isa = PBXFileReference; lastKnownFileType = text.plist.xml; path = Info.plist; sourceTree = "<group>"; };
		DBD9D36A1CA1A27E00D11EED /* AAPLPlayerViewController.h */ = {isa = PBXFileReference; fileEncoding = 4; lastKnownFileType = sourcecode.c.h; path = AAPLPlayerViewController.h; sourceTree = "<group>"; };
		DBD9D36B1CA1A27E00D11EED /* AAPLPlayerViewController.m */ = {isa = PBXFileReference; fileEncoding = 4; lastKnownFileType = sourcecode.c.objc; path = AAPLPlayerViewController.m; sourceTree = "<group>"; };
		DBD9D36D1CA1A29700D11EED /* AAPLCameraAppDelegate.h */ = {isa = PBXFileReference; fileEncoding = 4; lastKnownFileType = sourcecode.c.h; path = AAPLCameraAppDelegate.h; sourceTree = "<group>"; };
		DBD9D36E1CA1A29700D11EED /* AAPLCameraAppDelegate.m */ = {isa = PBXFileReference; fileEncoding = 4; lastKnownFileType = sourcecode.c.objc; path = AAPLCameraAppDelegate.m; sourceTree = "<group>"; };
		DBD9D36F1CA1A29700D11EED /* AAPLCameraPreviewView.h */ = {isa = PBXFileReference; fileEncoding = 4; lastKnownFileType = sourcecode.c.h; path = AAPLCameraPreviewView.h; sourceTree = "<group>"; };
		DBD9D3701CA1A29700D11EED /* AAPLCameraPreviewView.m */ = {isa = PBXFileReference; fileEncoding = 4; lastKnownFileType = sourcecode.c.objc; path = AAPLCameraPreviewView.m; sourceTree = "<group>"; };
		DBD9D3711CA1A29700D11EED /* AAPLCameraViewController.h */ = {isa = PBXFileReference; fileEncoding = 4; lastKnownFileType = sourcecode.c.h; path = AAPLCameraViewController.h; sourceTree = "<group>"; };
		DBD9D3721CA1A29700D11EED /* AAPLCameraViewController.m */ = {isa = PBXFileReference; fileEncoding = 4; lastKnownFileType = sourcecode.c.objc; path = AAPLCameraViewController.m; sourceTree = "<group>"; };
		DBD9D3781CA1C58500D11EED /* PlayerSimpleViewController.h */ = {isa = PBXFileReference; fileEncoding = 4; lastKnownFileType = sourcecode.c.h; path = PlayerSimpleViewController.h; sourceTree = "<group>"; };
		DBD9D3791CA1C58500D11EED /* PlayerSimpleViewController.m */ = {isa = PBXFileReference; fileEncoding = 4; lastKnownFileType = sourcecode.c.objc; path = PlayerSimpleViewController.m; sourceTree = "<group>"; };
/* End PBXFileReference section */

/* Begin PBXFrameworksBuildPhase section */
		DBC9A9E11CA08CF4002C2CDF /* Frameworks */ = {
			isa = PBXFrameworksBuildPhase;
			buildActionMask = 2147483647;
			files = (
			);
			runOnlyForDeploymentPostprocessing = 0;
		};
/* End PBXFrameworksBuildPhase section */

/* Begin PBXGroup section */
		DBC9A9DB1CA08CF4002C2CDF = {
			isa = PBXGroup;
			children = (
				DBC9A9E61CA08CF4002C2CDF /* MagicVideo */,
				DBC9A9E51CA08CF4002C2CDF /* Products */,
			);
			sourceTree = "<group>";
		};
		DBC9A9E51CA08CF4002C2CDF /* Products */ = {
			isa = PBXGroup;
			children = (
				DBC9A9E41CA08CF4002C2CDF /* MagicVideo.app */,
			);
			name = Products;
			sourceTree = "<group>";
		};
		DBC9A9E61CA08CF4002C2CDF /* MagicVideo */ = {
			isa = PBXGroup;
			children = (
				DBD9D3771CA1BBD300D11EED /* Delegate */,
				DBD9D3681CA1A24100D11EED /* PlayView */,
				DBD9D3691CA1A25B00D11EED /* CameraView */,
				DBD9D3761CA1A38700D11EED /* Model */,
				DBC9A9F01CA08CF4002C2CDF /* Main.storyboard */,
				DBC9A9F61CA08CF4002C2CDF /* Assets.xcassets */,
				DBC9A9F81CA08CF4002C2CDF /* LaunchScreen.storyboard */,
				DBC9A9FB1CA08CF4002C2CDF /* Info.plist */,
				DBC9A9F31CA08CF4002C2CDF /* MagicVideo.xcdatamodeld */,
				DBC9A9E71CA08CF4002C2CDF /* Supporting Files */,
			);
			path = MagicVideo;
			sourceTree = "<group>";
		};
		DBC9A9E71CA08CF4002C2CDF /* Supporting Files */ = {
			isa = PBXGroup;
			children = (
				DBC9A9E81CA08CF4002C2CDF /* main.m */,
			);
			name = "Supporting Files";
			sourceTree = "<group>";
		};
		DBD9D3681CA1A24100D11EED /* PlayView */ = {
			isa = PBXGroup;
			children = (
				DBD9D3781CA1C58500D11EED /* PlayerSimpleViewController.h */,
				DBD9D3791CA1C58500D11EED /* PlayerSimpleViewController.m */,
				DBD9D36A1CA1A27E00D11EED /* AAPLPlayerViewController.h */,
				DBD9D36B1CA1A27E00D11EED /* AAPLPlayerViewController.m */,
			);
			name = PlayView;
			sourceTree = "<group>";
		};
		DBD9D3691CA1A25B00D11EED /* CameraView */ = {
			isa = PBXGroup;
			children = (
				DBD9D36D1CA1A29700D11EED /* AAPLCameraAppDelegate.h */,
				DBD9D36E1CA1A29700D11EED /* AAPLCameraAppDelegate.m */,
				DBD9D36F1CA1A29700D11EED /* AAPLCameraPreviewView.h */,
				DBD9D3701CA1A29700D11EED /* AAPLCameraPreviewView.m */,
				DBD9D3711CA1A29700D11EED /* AAPLCameraViewController.h */,
				DBD9D3721CA1A29700D11EED /* AAPLCameraViewController.m */,
			);
			name = CameraView;
			sourceTree = "<group>";
		};
		DBD9D3761CA1A38700D11EED /* Model */ = {
			isa = PBXGroup;
			children = (
				DB60117D1CA08F2600DF2E68 /* ModelVideo.h */,
				DB60117E1CA08F2600DF2E68 /* ModelVideo.m */,
				DB60117F1CA08F2600DF2E68 /* SavVideo.h */,
				DB6011801CA08F2600DF2E68 /* SavVideo.m */,
			);
			name = Model;
			sourceTree = "<group>";
		};
		DBD9D3771CA1BBD300D11EED /* Delegate */ = {
			isa = PBXGroup;
			children = (
				DBC9A9EA1CA08CF4002C2CDF /* AppDelegate.h */,
				DBC9A9EB1CA08CF4002C2CDF /* AppDelegate.m */,
				DB6011761CA08EDF00DF2E68 /* TableViewController.h */,
				DB6011741CA08ECE00DF2E68 /* TableViewController.m */,
			);
			name = Delegate;
			sourceTree = "<group>";
		};
/* End PBXGroup section */

/* Begin PBXNativeTarget section */
		DBC9A9E31CA08CF4002C2CDF /* MagicVideo */ = {
			isa = PBXNativeTarget;
			buildConfigurationList = DBC9A9FE1CA08CF4002C2CDF /* Build configuration list for PBXNativeTarget "MagicVideo" */;
			buildPhases = (
				DBC9A9E01CA08CF4002C2CDF /* Sources */,
				DBC9A9E11CA08CF4002C2CDF /* Frameworks */,
				DBC9A9E21CA08CF4002C2CDF /* Resources */,
			);
			buildRules = (
			);
			dependencies = (
			);
			name = MagicVideo;
			productName = MagicVideo;
			productReference = DBC9A9E41CA08CF4002C2CDF /* MagicVideo.app */;
			productType = "com.apple.product-type.application";
		};
/* End PBXNativeTarget section */

/* Begin PBXProject section */
		DBC9A9DC1CA08CF4002C2CDF /* Project object */ = {
			isa = PBXProject;
			attributes = {
				LastUpgradeCheck = 0720;
				ORGANIZATIONNAME = "Pastouret Roger";
				TargetAttributes = {
					DBC9A9E31CA08CF4002C2CDF = {
						CreatedOnToolsVersion = 7.2.1;
						DevelopmentTeam = TNC26WW3G9;
					};
				};
			};
			buildConfigurationList = DBC9A9DF1CA08CF4002C2CDF /* Build configuration list for PBXProject "MagicVideo" */;
			compatibilityVersion = "Xcode 3.2";
			developmentRegion = English;
			hasScannedForEncodings = 0;
			knownRegions = (
				en,
				Base,
			);
			mainGroup = DBC9A9DB1CA08CF4002C2CDF;
			productRefGroup = DBC9A9E51CA08CF4002C2CDF /* Products */;
			projectDirPath = "";
			projectRoot = "";
			targets = (
				DBC9A9E31CA08CF4002C2CDF /* MagicVideo */,
			);
		};
/* End PBXProject section */

/* Begin PBXResourcesBuildPhase section */
		DBC9A9E21CA08CF4002C2CDF /* Resources */ = {
			isa = PBXResourcesBuildPhase;
			buildActionMask = 2147483647;
			files = (
				DBC9A9FA1CA08CF4002C2CDF /* LaunchScreen.storyboard in Resources */,
				DBC9A9F71CA08CF4002C2CDF /* Assets.xcassets in Resources */,
				DBC9A9F21CA08CF4002C2CDF /* Main.storyboard in Resources */,
			);
			runOnlyForDeploymentPostprocessing = 0;
		};
/* End PBXResourcesBuildPhase section */

/* Begin PBXSourcesBuildPhase section */
		DBC9A9E01CA08CF4002C2CDF /* Sources */ = {
			isa = PBXSourcesBuildPhase;
			buildActionMask = 2147483647;
			files = (
				DBC9A9EC1CA08CF4002C2CDF /* AppDelegate.m in Sources */,
				DBD9D37A1CA1C58500D11EED /* PlayerSimpleViewController.m in Sources */,
				DB6011831CA08F2600DF2E68 /* ModelVideo.m in Sources */,
				DBC9A9E91CA08CF4002C2CDF /* main.m in Sources */,
				DBD9D3731CA1A29700D11EED /* AAPLCameraAppDelegate.m in Sources */,
				DBC9A9F51CA08CF4002C2CDF /* MagicVideo.xcdatamodeld in Sources */,
				DBD9D36C1CA1A27E00D11EED /* AAPLPlayerViewController.m in Sources */,
				DBD9D3741CA1A29700D11EED /* AAPLCameraPreviewView.m in Sources */,
				DB6011841CA08F2600DF2E68 /* SavVideo.m in Sources */,
				DB6011751CA08ECE00DF2E68 /* TableViewController.m in Sources */,
				DBD9D3751CA1A29700D11EED /* AAPLCameraViewController.m in Sources */,
			);
			runOnlyForDeploymentPostprocessing = 0;
		};
/* End PBXSourcesBuildPhase section */

/* Begin PBXVariantGroup section */
		DBC9A9F01CA08CF4002C2CDF /* Main.storyboard */ = {
			isa = PBXVariantGroup;
			children = (
				DBC9A9F11CA08CF4002C2CDF /* Base */,
			);
			name = Main.storyboard;
			sourceTree = "<group>";
		};
		DBC9A9F81CA08CF4002C2CDF /* LaunchScreen.storyboard */ = {
			isa = PBXVariantGroup;
			children = (
				DBC9A9F91CA08CF4002C2CDF /* Base */,
			);
			name = LaunchScreen.storyboard;
			sourceTree = "<group>";
		};
/* End PBXVariantGroup section */

/* Begin XCBuildConfiguration section */
		DBC9A9FC1CA08CF4002C2CDF /* Debug */ = {
			isa = XCBuildConfiguration;
			buildSettings = {
				ALWAYS_SEARCH_USER_PATHS = NO;
				CLANG_CXX_LANGUAGE_STANDARD = "gnu++0x";
				CLANG_CXX_LIBRARY = "libc++";
				CLANG_ENABLE_MODULES = YES;
				CLANG_ENABLE_OBJC_ARC = YES;
				CLANG_WARN_BOOL_CONVERSION = YES;
				CLANG_WARN_CONSTANT_CONVERSION = YES;
				CLANG_WARN_DIRECT_OBJC_ISA_USAGE = YES_ERROR;
				CLANG_WARN_EMPTY_BODY = YES;
				CLANG_WARN_ENUM_CONVERSION = YES;
				CLANG_WARN_INT_CONVERSION = YES;
				CLANG_WARN_OBJC_ROOT_CLASS = YES_ERROR;
				CLANG_WARN_UNREACHABLE_CODE = YES;
				CLANG_WARN__DUPLICATE_METHOD_MATCH = YES;
				"CODE_SIGN_IDENTITY[sdk=iphoneos*]" = "iPhone Developer";
				COPY_PHASE_STRIP = NO;
				DEBUG_INFORMATION_FORMAT = dwarf;
				ENABLE_STRICT_OBJC_MSGSEND = YES;
				ENABLE_TESTABILITY = YES;
				GCC_C_LANGUAGE_STANDARD = gnu99;
				GCC_DYNAMIC_NO_PIC = NO;
				GCC_NO_COMMON_BLOCKS = YES;
				GCC_OPTIMIZATION_LEVEL = 0;
				GCC_PREPROCESSOR_DEFINITIONS = (
					"DEBUG=1",
					"$(inherited)",
				);
				GCC_WARN_64_TO_32_BIT_CONVERSION = YES;
				GCC_WARN_ABOUT_RETURN_TYPE = YES_ERROR;
				GCC_WARN_UNDECLARED_SELECTOR = YES;
				GCC_WARN_UNINITIALIZED_AUTOS = YES_AGGRESSIVE;
				GCC_WARN_UNUSED_FUNCTION = YES;
				GCC_WARN_UNUSED_VARIABLE = YES;
				IPHONEOS_DEPLOYMENT_TARGET = 9.2;
				MTL_ENABLE_DEBUG_INFO = YES;
				ONLY_ACTIVE_ARCH = YES;
				SDKROOT = iphoneos;
				TARGETED_DEVICE_FAMILY = 2;
			};
			name = Debug;
		};
		DBC9A9FD1CA08CF4002C2CDF /* Release */ = {
			isa = XCBuildConfiguration;
			buildSettings = {
				ALWAYS_SEARCH_USER_PATHS = NO;
				CLANG_CXX_LANGUAGE_STANDARD = "gnu++0x";
				CLANG_CXX_LIBRARY = "libc++";
				CLANG_ENABLE_MODULES = YES;
				CLANG_ENABLE_OBJC_ARC = YES;
				CLANG_WARN_BOOL_CONVERSION = YES;
				CLANG_WARN_CONSTANT_CONVERSION = YES;
				CLANG_WARN_DIRECT_OBJC_ISA_USAGE = YES_ERROR;
				CLANG_WARN_EMPTY_BODY = YES;
				CLANG_WARN_ENUM_CONVERSION = YES;
				CLANG_WARN_INT_CONVERSION = YES;
				CLANG_WARN_OBJC_ROOT_CLASS = YES_ERROR;
				CLANG_WARN_UNREACHABLE_CODE = YES;
				CLANG_WARN__DUPLICATE_METHOD_MATCH = YES;
				"CODE_SIGN_IDENTITY[sdk=iphoneos*]" = "iPhone Developer";
				COPY_PHASE_STRIP = NO;
				DEBUG_INFORMATION_FORMAT = "dwarf-with-dsym";
				ENABLE_NS_ASSERTIONS = NO;
				ENABLE_STRICT_OBJC_MSGSEND = YES;
				GCC_C_LANGUAGE_STANDARD = gnu99;
				GCC_NO_COMMON_BLOCKS = YES;
				GCC_WARN_64_TO_32_BIT_CONVERSION = YES;
				GCC_WARN_ABOUT_RETURN_TYPE = YES_ERROR;
				GCC_WARN_UNDECLARED_SELECTOR = YES;
				GCC_WARN_UNINITIALIZED_AUTOS = YES_AGGRESSIVE;
				GCC_WARN_UNUSED_FUNCTION = YES;
				GCC_WARN_UNUSED_VARIABLE = YES;
				IPHONEOS_DEPLOYMENT_TARGET = 9.2;
				MTL_ENABLE_DEBUG_INFO = NO;
				SDKROOT = iphoneos;
				TARGETED_DEVICE_FAMILY = 2;
				VALIDATE_PRODUCT = YES;
			};
			name = Release;
		};
		DBC9A9FF1CA08CF4002C2CDF /* Debug */ = {
			isa = XCBuildConfiguration;
			buildSettings = {
				ASSETCATALOG_COMPILER_APPICON_NAME = AppIcon;
				CLANG_ENABLE_MODULES = YES;
				INFOPLIST_FILE = MagicVideo/Info.plist;
				LD_RUNPATH_SEARCH_PATHS = "$(inherited) @executable_path/Frameworks";
				PRODUCT_BUNDLE_IDENTIFIER = com.prv.MagicVideo;
				PRODUCT_NAME = "$(TARGET_NAME)";
				SWIFT_OPTIMIZATION_LEVEL = "-Onone";
			};
			name = Debug;
		};
		DBC9AA001CA08CF4002C2CDF /* Release */ = {
			isa = XCBuildConfiguration;
			buildSettings = {
				ASSETCATALOG_COMPILER_APPICON_NAME = AppIcon;
				CLANG_ENABLE_MODULES = YES;
				INFOPLIST_FILE = MagicVideo/Info.plist;
				LD_RUNPATH_SEARCH_PATHS = "$(inherited) @executable_path/Frameworks";
				PRODUCT_BUNDLE_IDENTIFIER = com.prv.MagicVideo;
				PRODUCT_NAME = "$(TARGET_NAME)";
			};
			name = Release;
		};
/* End XCBuildConfiguration section */

/* Begin XCConfigurationList section */
		DBC9A9DF1CA08CF4002C2CDF /* Build configuration list for PBXProject "MagicVideo" */ = {
			isa = XCConfigurationList;
			buildConfigurations = (
				DBC9A9FC1CA08CF4002C2CDF /* Debug */,
				DBC9A9FD1CA08CF4002C2CDF /* Release */,
			);
			defaultConfigurationIsVisible = 0;
			defaultConfigurationName = Release;
		};
		DBC9A9FE1CA08CF4002C2CDF /* Build configuration list for PBXNativeTarget "MagicVideo" */ = {
			isa = XCConfigurationList;
			buildConfigurations = (
				DBC9A9FF1CA08CF4002C2CDF /* Debug */,
				DBC9AA001CA08CF4002C2CDF /* Release */,
			);
			defaultConfigurationIsVisible = 0;
			defaultConfigurationName = Release;
		};
/* End XCConfigurationList section */

/* Begin XCVersionGroup section */
		DBC9A9F31CA08CF4002C2CDF /* MagicVideo.xcdatamodeld */ = {
			isa = XCVersionGroup;
			children = (
				DBC9A9F41CA08CF4002C2CDF /* MagicVideo.xcdatamodel */,
			);
			currentVersion = DBC9A9F41CA08CF4002C2CDF /* MagicVideo.xcdatamodel */;
			path = MagicVideo.xcdatamodeld;
			sourceTree = "<group>";
			versionGroupType = wrapper.xcdatamodel;
		};
/* End XCVersionGroup section */
	};
	rootObject = DBC9A9DC1CA08CF4002C2CDF /* Project object */;
}
